# The release production serves: the private data repository's data/, packed by its CI into a private package.
# Change it in a pull request of its own, with the two lines its run prints. deploy/deploy.sh reads RELEASE_ID; the
# deploy job pulls RELEASE_BUNDLE, by digest.
RELEASE_ID=98c0f1500ca8a71f05282c6583aa9a7387a2cb92
RELEASE_BUNDLE=ghcr.io/charlotte-hib/who-lived-when-release@sha256:785fe46e429afaad5d31858276900ab061fce91b06c2f7cfdc692a0bc79d38dd
